
Microsoft Visual Studio Solution File, Format Version 12.00
# Visual Studio Version 17
VisualStudioVersion = 17.7.34024.191
MinimumVisualStudioVersion = 10.0.40219.1
Project("{FAE04EC0-301F-11D3-BF4B-00C04F79EFBC}") = "WebApiAutores", "WebApiAutores\WebApiAutores.csproj", "{F93BCF43-1135-4E2E-9129-7C319C9DE492}"
EndProject
Global
	GlobalSection(SolutionConfigurationPlatforms) = preSolution
		Debug|Any CPU = Debug|Any CPU
		Release|Any CPU = Release|Any CPU
	EndGlobalSection
	GlobalSection(ProjectConfigurationPlatforms) = postSolution
		{F93BCF43-1135-4E2E-9129-7C319C9DE492}.Debug|Any CPU.ActiveCfg = Debug|Any CPU
		{F93BCF43-1135-4E2E-9129-7C319C9DE492}.Debug|Any CPU.Build.0 = Debug|Any CPU
		{F93BCF43-1135-4E2E-9129-7C319C9DE492}.Release|Any CPU.ActiveCfg = Release|Any CPU
		{F93BCF43-1135-4E2E-9129-7C319C9DE492}.Release|Any CPU.Build.0 = Release|Any CPU
	EndGlobalSection
	GlobalSection(SolutionProperties) = preSolution
		HideSolutionNode = FALSE
	EndGlobalSection
	GlobalSection(ExtensibilityGlobals) = postSolution
		SolutionGuid = {C898CC6D-C6BF-4BBB-B59E-03F874765DB3}
	EndGlobalSection
EndGlobal
